
Microsoft Visual Studio Solution File, Format Version 10.00
# Visual Studio 2008
Project("{D2ABAB84-BF74-430A-B69E-9DC6D40DDA17}") = "B50SSAS", "B50SSAS\B50SSAS.dwproj", "{CC2EC581-D091-4A20-934E-54003D475F6B}"
EndProject
Global
	GlobalSection(SolutionConfigurationPlatforms) = preSolution
		Development|Default = Development|Default
	EndGlobalSection
	GlobalSection(ProjectConfigurationPlatforms) = postSolution
		{CC2EC581-D091-4A20-934E-54003D475F6B}.Development|Default.ActiveCfg = Development
		{CC2EC581-D091-4A20-934E-54003D475F6B}.Development|Default.Build.0 = Development
		{CC2EC581-D091-4A20-934E-54003D475F6B}.Development|Default.Deploy.0 = Development
	EndGlobalSection
	GlobalSection(SolutionProperties) = preSolution
		HideSolutionNode = FALSE
	EndGlobalSection
EndGlobal
