
Microsoft Visual Studio Solution File, Format Version 10.00
# Visual Studio 2008
Project("{F14B399A-7131-4C87-9E4B-1186C45EF12D}") = "B50ManagedReports", "B50ManagedReports\B50ManagedReports.rptproj", "{97F57736-3E34-491B-B3ED-AAE92A64AFDA}"
EndProject
Global
	GlobalSection(SolutionConfigurationPlatforms) = preSolution
		Debug|Default = Debug|Default
		DebugLocal|Default = DebugLocal|Default
		Release|Default = Release|Default
	EndGlobalSection
	GlobalSection(ProjectConfigurationPlatforms) = postSolution
		{97F57736-3E34-491B-B3ED-AAE92A64AFDA}.Debug|Default.ActiveCfg = Debug
		{97F57736-3E34-491B-B3ED-AAE92A64AFDA}.Debug|Default.Build.0 = DebugLocal
		{97F57736-3E34-491B-B3ED-AAE92A64AFDA}.Debug|Default.Deploy.0 = DebugLocal
		{97F57736-3E34-491B-B3ED-AAE92A64AFDA}.DebugLocal|Default.ActiveCfg = DebugLocal
		{97F57736-3E34-491B-B3ED-AAE92A64AFDA}.DebugLocal|Default.Build.0 = DebugLocal
		{97F57736-3E34-491B-B3ED-AAE92A64AFDA}.Release|Default.ActiveCfg = Release
		{97F57736-3E34-491B-B3ED-AAE92A64AFDA}.Release|Default.Build.0 = Release
		{97F57736-3E34-491B-B3ED-AAE92A64AFDA}.Release|Default.Deploy.0 = Release
	EndGlobalSection
	GlobalSection(SolutionProperties) = preSolution
		HideSolutionNode = FALSE
	EndGlobalSection
EndGlobal
