
Microsoft Visual Studio Solution File, Format Version 10.00
# Visual Studio 2008
Project("{D183A3D8-5FD8-494B-B014-37F57B35E655}") = "SSIS_TEST", "Integration Services Project2\SSIS_TEST.dtproj", "{D54B8CEE-BAEC-4D23-9B2A-F8F935AE00CA}"
EndProject
Global
	GlobalSection(SolutionConfigurationPlatforms) = preSolution
		Development|Default = Development|Default
	EndGlobalSection
	GlobalSection(ProjectConfigurationPlatforms) = postSolution
		{D54B8CEE-BAEC-4D23-9B2A-F8F935AE00CA}.Development|Default.ActiveCfg = Development
		{D54B8CEE-BAEC-4D23-9B2A-F8F935AE00CA}.Development|Default.Build.0 = Development
	EndGlobalSection
	GlobalSection(SolutionProperties) = preSolution
		HideSolutionNode = FALSE
	EndGlobalSection
EndGlobal
